schema: '2.0'
stages:
  data_ingestion:
    cmd: python src/data/data_ingestion.py
    deps:
    - path: src/data/data_ingestion.py
      hash: md5
      md5: bca2db60b5f33bd2710d3685d133b1b0
      size: 3551
    params:
      params.yaml:
        data_ingestion.test_size: 0.15
    outs:
    - path: data/raw
      hash: md5
      md5: 9096031b858a2cbb24cca78d3ce8a538.dir
      size: 827973
      nfiles: 2
  data_preprocessing:
    cmd: python src/data/data_preprocessing.py
    deps:
    - path: data/raw
      hash: md5
      md5: 9096031b858a2cbb24cca78d3ce8a538.dir
      size: 827973
      nfiles: 2
    - path: src/data/data_preprocessing.py
      hash: md5
      md5: 69c1e925599fe9c337f9de05b76b0176
      size: 3990
    outs:
    - path: data/interim
      hash: md5
      md5: fd478113b492acf016b3682fe296f27b.dir
      size: 566210
      nfiles: 2
  feature_engineering:
    cmd: python src/features/feature_engineering.py
    deps:
    - path: data/interim
      hash: md5
      md5: fd478113b492acf016b3682fe296f27b.dir
      size: 566210
      nfiles: 2
    - path: src/features/feature_engineering.py
      hash: md5
      md5: b7e96e14db62cf0de1eb389eaae60e26
      size: 3862
    params:
      params.yaml:
        feature_engineering.max_features: 100
    outs:
    - path: data/processed
      hash: md5
      md5: 1ed61480fa8fcdebfcf7c5ec3207b967.dir
      size: 2106516
      nfiles: 2
    - path: models/vectorizer.pkl
      hash: md5
      md5: 21bb29cb8c7415dea6878fb18b08fcb5
      size: 3178
  model_building:
    cmd: python src/model/model_building.py
    deps:
    - path: data/processed
      hash: md5
      md5: 1ed61480fa8fcdebfcf7c5ec3207b967.dir
      size: 2106516
      nfiles: 2
    - path: src/model/model_building.py
      hash: md5
      md5: d914f4a102437157ff10f58ab937b3c7
      size: 2353
    outs:
    - path: models/model.pkl
      hash: md5
      md5: a160861b580bf8de2ec12add24f78039
      size: 1455
  model_evaluation:
    cmd: python src/model/model_evaluation.py
    deps:
    - path: models/model.pkl
      hash: md5
      md5: a160861b580bf8de2ec12add24f78039
      size: 1455
    - path: src/model/model_evaluation.py
      hash: md5
      md5: fbc65e329bdc80a13154adc8f168532c
      size: 2925
    outs:
    - path: reports/metrics.json
      hash: md5
      md5: 17dedde8358687eead4e1fcd88f42f49
      size: 145
